dependencies:
- name: coredns
  repository: https://coredns.github.io/helm
  version: 1.42.1
- name: external-dns
  repository: https://kubernetes-sigs.github.io/external-dns
  version: 1.16.1
digest: sha256:7164c2ad0ffb945b66fa7c173449d1cd2b0ff53a288d4347ad487f5243cfa1a9
generated: "2025-05-22T03:38:40.619936394Z"
